
Microsoft Visual Studio Solution File, Format Version 12.00
# Visual Studio Version 17
VisualStudioVersion = 17.5.33530.505
MinimumVisualStudioVersion = 10.0.40219.1
Project("{FAE04EC0-301F-11D3-BF4B-00C04F79EFBC}") = "TransactionService", "TransactionService.csproj", "{3327A1B3-BFF3-487C-B709-0A3B01BCA021}"
EndProject
Global
	GlobalSection(SolutionConfigurationPlatforms) = preSolution
		Debug|Any CPU = Debug|Any CPU
		Release|Any CPU = Release|Any CPU
	EndGlobalSection
	GlobalSection(ProjectConfigurationPlatforms) = postSolution
		{3327A1B3-BFF3-487C-B709-0A3B01BCA021}.Debug|Any CPU.ActiveCfg = Debug|Any CPU
		{3327A1B3-BFF3-487C-B709-0A3B01BCA021}.Debug|Any CPU.Build.0 = Debug|Any CPU
		{3327A1B3-BFF3-487C-B709-0A3B01BCA021}.Release|Any CPU.ActiveCfg = Release|Any CPU
		{3327A1B3-BFF3-487C-B709-0A3B01BCA021}.Release|Any CPU.Build.0 = Release|Any CPU
	EndGlobalSection
	GlobalSection(SolutionProperties) = preSolution
		HideSolutionNode = FALSE
	EndGlobalSection
	GlobalSection(ExtensibilityGlobals) = postSolution
		SolutionGuid = {8F723DF7-215D-4227-B0E6-83425E9AC96C}
	EndGlobalSection
EndGlobal
