
Microsoft Visual Studio Solution File, Format Version 12.00
# Visual Studio Version 17
VisualStudioVersion = 17.5.33530.505
MinimumVisualStudioVersion = 10.0.40219.1
Project("{FAE04EC0-301F-11D3-BF4B-00C04F79EFBC}") = "AccountStudentService", "AccountStudentService.csproj", "{FDAD56FC-645E-465F-85D1-9B2740FA1785}"
EndProject
Global
	GlobalSection(SolutionConfigurationPlatforms) = preSolution
		Debug|Any CPU = Debug|Any CPU
		Release|Any CPU = Release|Any CPU
	EndGlobalSection
	GlobalSection(ProjectConfigurationPlatforms) = postSolution
		{FDAD56FC-645E-465F-85D1-9B2740FA1785}.Debug|Any CPU.ActiveCfg = Debug|Any CPU
		{FDAD56FC-645E-465F-85D1-9B2740FA1785}.Debug|Any CPU.Build.0 = Debug|Any CPU
		{FDAD56FC-645E-465F-85D1-9B2740FA1785}.Release|Any CPU.ActiveCfg = Release|Any CPU
		{FDAD56FC-645E-465F-85D1-9B2740FA1785}.Release|Any CPU.Build.0 = Release|Any CPU
	EndGlobalSection
	GlobalSection(SolutionProperties) = preSolution
		HideSolutionNode = FALSE
	EndGlobalSection
	GlobalSection(ExtensibilityGlobals) = postSolution
		SolutionGuid = {D1C52990-E0EE-491F-879A-19E76AF67F8F}
	EndGlobalSection
EndGlobal
